// !$*UTF8*$!
{
	archiveVersion = 1;
	classes = {
	};
	objectVersion = 56;
	objects = {

/* Begin PBXBuildFile section */
		704A378C296C445800B5C612 /* AppDelegate.swift in Sources */ = {isa = PBXBuildFile; fileRef = 704A378B296C445800B5C612 /* AppDelegate.swift */; };
		704A378E296C445800B5C612 /* SceneDelegate.swift in Sources */ = {isa = PBXBuildFile; fileRef = 704A378D296C445800B5C612 /* SceneDelegate.swift */; };
		704A3790296C445800B5C612 /* HomeViewController.swift in Sources */ = {isa = PBXBuildFile; fileRef = 704A378F296C445800B5C612 /* HomeViewController.swift */; };
		704A3795296C445900B5C612 /* Assets.xcassets in Resources */ = {isa = PBXBuildFile; fileRef = 704A3794296C445900B5C612 /* Assets.xcassets */; };
		704A3798296C445900B5C612 /* LaunchScreen.storyboard in Resources */ = {isa = PBXBuildFile; fileRef = 704A3796296C445900B5C612 /* LaunchScreen.storyboard */; };
		704A37A2296C5E2200B5C612 /* Movie.swift in Sources */ = {isa = PBXBuildFile; fileRef = 704A37A1296C5E2200B5C612 /* Movie.swift */; };
		70B2191E29704A310034EA1E /* Networking.swift in Sources */ = {isa = PBXBuildFile; fileRef = 70B2191D29704A310034EA1E /* Networking.swift */; };
		70B21922297094210034EA1E /* MovieDetailsViewController.swift in Sources */ = {isa = PBXBuildFile; fileRef = 70B21921297094210034EA1E /* MovieDetailsViewController.swift */; };
		70D103A2296DD23E00A5575E /* MovieTableViewCell.swift in Sources */ = {isa = PBXBuildFile; fileRef = 70D103A1296DD23E00A5575E /* MovieTableViewCell.swift */; };
		70D103A5296DD39F00A5575E /* UIView+swift.swift in Sources */ = {isa = PBXBuildFile; fileRef = 70D103A4296DD39F00A5575E /* UIView+swift.swift */; };
/* End PBXBuildFile section */

/* Begin PBXFileReference section */
		704A3788296C445800B5C612 /* Movies.app */ = {isa = PBXFileReference; explicitFileType = wrapper.application; includeInIndex = 0; path = Movies.app; sourceTree = BUILT_PRODUCTS_DIR; };
		704A378B296C445800B5C612 /* AppDelegate.swift */ = {isa = PBXFileReference; lastKnownFileType = sourcecode.swift; path = AppDelegate.swift; sourceTree = "<group>"; };
		704A378D296C445800B5C612 /* SceneDelegate.swift */ = {isa = PBXFileReference; lastKnownFileType = sourcecode.swift; path = SceneDelegate.swift; sourceTree = "<group>"; };
		704A378F296C445800B5C612 /* HomeViewController.swift */ = {isa = PBXFileReference; lastKnownFileType = sourcecode.swift; path = HomeViewController.swift; sourceTree = "<group>"; };
		704A3794296C445900B5C612 /* Assets.xcassets */ = {isa = PBXFileReference; lastKnownFileType = folder.assetcatalog; path = Assets.xcassets; sourceTree = "<group>"; };
		704A3797296C445900B5C612 /* Base */ = {isa = PBXFileReference; lastKnownFileType = file.storyboard; name = Base; path = Base.lproj/LaunchScreen.storyboard; sourceTree = "<group>"; };
		704A3799296C445900B5C612 /* Info.plist */ = {isa = PBXFileReference; lastKnownFileType = text.plist.xml; path = Info.plist; sourceTree = "<group>"; };
		704A37A1296C5E2200B5C612 /* Movie.swift */ = {isa = PBXFileReference; lastKnownFileType = sourcecode.swift; path = Movie.swift; sourceTree = "<group>"; };
		70B2191D29704A310034EA1E /* Networking.swift */ = {isa = PBXFileReference; lastKnownFileType = sourcecode.swift; path = Networking.swift; sourceTree = "<group>"; };
		70B21921297094210034EA1E /* MovieDetailsViewController.swift */ = {isa = PBXFileReference; lastKnownFileType = sourcecode.swift; path = MovieDetailsViewController.swift; sourceTree = "<group>"; };
		70D103A1296DD23E00A5575E /* MovieTableViewCell.swift */ = {isa = PBXFileReference; lastKnownFileType = sourcecode.swift; path = MovieTableViewCell.swift; sourceTree = "<group>"; };
		70D103A4296DD39F00A5575E /* UIView+swift.swift */ = {isa = PBXFileReference; lastKnownFileType = sourcecode.swift; path = "UIView+swift.swift"; sourceTree = "<group>"; };
/* End PBXFileReference section */

/* Begin PBXFrameworksBuildPhase section */
		704A3785296C445800B5C612 /* Frameworks */ = {
			isa = PBXFrameworksBuildPhase;
			buildActionMask = 2147483647;
			files = (
			);
			runOnlyForDeploymentPostprocessing = 0;
		};
/* End PBXFrameworksBuildPhase section */

/* Begin PBXGroup section */
		704A377F296C445800B5C612 = {
			isa = PBXGroup;
			children = (
				704A378A296C445800B5C612 /* Movies */,
				704A3789296C445800B5C612 /* Products */,
			);
			sourceTree = "<group>";
		};
		704A3789296C445800B5C612 /* Products */ = {
			isa = PBXGroup;
			children = (
				704A3788296C445800B5C612 /* Movies.app */,
			);
			name = Products;
			sourceTree = "<group>";
		};
		704A378A296C445800B5C612 /* Movies */ = {
			isa = PBXGroup;
			children = (
				70B21927297180330034EA1E /* Service */,
				70B21926297180180034EA1E /* Model */,
				70B2192329717F690034EA1E /* View */,
				70D103A3296DD38000A5575E /* Extensions */,
				704A378B296C445800B5C612 /* AppDelegate.swift */,
				704A378D296C445800B5C612 /* SceneDelegate.swift */,
				704A3794296C445900B5C612 /* Assets.xcassets */,
				704A3796296C445900B5C612 /* LaunchScreen.storyboard */,
				704A3799296C445900B5C612 /* Info.plist */,
			);
			path = Movies;
			sourceTree = "<group>";
		};
		70B2192329717F690034EA1E /* View */ = {
			isa = PBXGroup;
			children = (
				70B21921297094210034EA1E /* MovieDetailsViewController.swift */,
				704A378F296C445800B5C612 /* HomeViewController.swift */,
				70B2192529717FED0034EA1E /* Cell */,
			);
			path = View;
			sourceTree = "<group>";
		};
		70B2192529717FED0034EA1E /* Cell */ = {
			isa = PBXGroup;
			children = (
				70D103A1296DD23E00A5575E /* MovieTableViewCell.swift */,
			);
			path = Cell;
			sourceTree = "<group>";
		};
		70B21926297180180034EA1E /* Model */ = {
			isa = PBXGroup;
			children = (
				704A37A1296C5E2200B5C612 /* Movie.swift */,
			);
			path = Model;
			sourceTree = "<group>";
		};
		70B21927297180330034EA1E /* Service */ = {
			isa = PBXGroup;
			children = (
				70B2191D29704A310034EA1E /* Networking.swift */,
			);
			path = Service;
			sourceTree = "<group>";
		};
		70D103A3296DD38000A5575E /* Extensions */ = {
			isa = PBXGroup;
			children = (
				70D103A4296DD39F00A5575E /* UIView+swift.swift */,
			);
			path = Extensions;
			sourceTree = "<group>";
		};
/* End PBXGroup section */

/* Begin PBXNativeTarget section */
		704A3787296C445800B5C612 /* Movies */ = {
			isa = PBXNativeTarget;
			buildConfigurationList = 704A379C296C445900B5C612 /* Build configuration list for PBXNativeTarget "Movies" */;
			buildPhases = (
				704A3784296C445800B5C612 /* Sources */,
				704A3785296C445800B5C612 /* Frameworks */,
				704A3786296C445800B5C612 /* Resources */,
			);
			buildRules = (
			);
			dependencies = (
			);
			name = Movies;
			productName = Movies;
			productReference = 704A3788296C445800B5C612 /* Movies.app */;
			productType = "com.apple.product-type.application";
		};
/* End PBXNativeTarget section */

/* Begin PBXProject section */
		704A3780296C445800B5C612 /* Project object */ = {
			isa = PBXProject;
			attributes = {
				BuildIndependentTargetsInParallel = 1;
				LastSwiftUpdateCheck = 1420;
				LastUpgradeCheck = 1420;
				TargetAttributes = {
					704A3787296C445800B5C612 = {
						CreatedOnToolsVersion = 14.2;
					};
				};
			};
			buildConfigurationList = 704A3783296C445800B5C612 /* Build configuration list for PBXProject "Movies" */;
			compatibilityVersion = "Xcode 14.0";
			developmentRegion = en;
			hasScannedForEncodings = 0;
			knownRegions = (
				en,
				Base,
			);
			mainGroup = 704A377F296C445800B5C612;
			productRefGroup = 704A3789296C445800B5C612 /* Products */;
			projectDirPath = "";
			projectRoot = "";
			targets = (
				704A3787296C445800B5C612 /* Movies */,
			);
		};
/* End PBXProject section */

/* Begin PBXResourcesBuildPhase section */
		704A3786296C445800B5C612 /* Resources */ = {
			isa = PBXResourcesBuildPhase;
			buildActionMask = 2147483647;
			files = (
				704A3798296C445900B5C612 /* LaunchScreen.storyboard in Resources */,
				704A3795296C445900B5C612 /* Assets.xcassets in Resources */,
			);
			runOnlyForDeploymentPostprocessing = 0;
		};
/* End PBXResourcesBuildPhase section */

/* Begin PBXSourcesBuildPhase section */
		704A3784296C445800B5C612 /* Sources */ = {
			isa = PBXSourcesBuildPhase;
			buildActionMask = 2147483647;
			files = (
				70D103A2296DD23E00A5575E /* MovieTableViewCell.swift in Sources */,
				70D103A5296DD39F00A5575E /* UIView+swift.swift in Sources */,
				70B21922297094210034EA1E /* MovieDetailsViewController.swift in Sources */,
				704A37A2296C5E2200B5C612 /* Movie.swift in Sources */,
				704A3790296C445800B5C612 /* HomeViewController.swift in Sources */,
				704A378C296C445800B5C612 /* AppDelegate.swift in Sources */,
				704A378E296C445800B5C612 /* SceneDelegate.swift in Sources */,
				70B2191E29704A310034EA1E /* Networking.swift in Sources */,
			);
			runOnlyForDeploymentPostprocessing = 0;
		};
/* End PBXSourcesBuildPhase section */

/* Begin PBXVariantGroup section */
		704A3796296C445900B5C612 /* LaunchScreen.storyboard */ = {
			isa = PBXVariantGroup;
			children = (
				704A3797296C445900B5C612 /* Base */,
			);
			name = LaunchScreen.storyboard;
			sourceTree = "<group>";
		};
/* End PBXVariantGroup section */

/* Begin XCBuildConfiguration section */
		704A379A296C445900B5C612 /* Debug */ = {
			isa = XCBuildConfiguration;
			buildSettings = {
				ALWAYS_SEARCH_USER_PATHS = NO;
				CLANG_ANALYZER_NONNULL = YES;
				CLANG_ANALYZER_NUMBER_OBJECT_CONVERSION = YES_AGGRESSIVE;
				CLANG_CXX_LANGUAGE_STANDARD = "gnu++20";
				CLANG_ENABLE_MODULES = YES;
				CLANG_ENABLE_OBJC_ARC = YES;
				CLANG_ENABLE_OBJC_WEAK = YES;
				CLANG_WARN_BLOCK_CAPTURE_AUTORELEASING = YES;
				CLANG_WARN_BOOL_CONVERSION = YES;
				CLANG_WARN_COMMA = YES;
				CLANG_WARN_CONSTANT_CONVERSION = YES;
				CLANG_WARN_DEPRECATED_OBJC_IMPLEMENTATIONS = YES;
				CLANG_WARN_DIRECT_OBJC_ISA_USAGE = YES_ERROR;
				CLANG_WARN_DOCUMENTATION_COMMENTS = YES;
				CLANG_WARN_EMPTY_BODY = YES;
				CLANG_WARN_ENUM_CONVERSION = YES;
				CLANG_WARN_INFINITE_RECURSION = YES;
				CLANG_WARN_INT_CONVERSION = YES;
				CLANG_WARN_NON_LITERAL_NULL_CONVERSION = YES;
				CLANG_WARN_OBJC_IMPLICIT_RETAIN_SELF = YES;
				CLANG_WARN_OBJC_LITERAL_CONVERSION = YES;
				CLANG_WARN_OBJC_ROOT_CLASS = YES_ERROR;
				CLANG_WARN_QUOTED_INCLUDE_IN_FRAMEWORK_HEADER = YES;
				CLANG_WARN_RANGE_LOOP_ANALYSIS = YES;
				CLANG_WARN_STRICT_PROTOTYPES = YES;
				CLANG_WARN_SUSPICIOUS_MOVE = YES;
				CLANG_WARN_UNGUARDED_AVAILABILITY = YES_AGGRESSIVE;
				CLANG_WARN_UNREACHABLE_CODE = YES;
				CLANG_WARN__DUPLICATE_METHOD_MATCH = YES;
				COPY_PHASE_STRIP = NO;
				DEBUG_INFORMATION_FORMAT = dwarf;
				ENABLE_STRICT_OBJC_MSGSEND = YES;
				ENABLE_TESTABILITY = YES;
				GCC_C_LANGUAGE_STANDARD = gnu11;
				GCC_DYNAMIC_NO_PIC = NO;
				GCC_NO_COMMON_BLOCKS = YES;
				GCC_OPTIMIZATION_LEVEL = 0;
				GCC_PREPROCESSOR_DEFINITIONS = (
					"DEBUG=1",
					"$(inherited)",
				);
				GCC_WARN_64_TO_32_BIT_CONVERSION = YES;
				GCC_WARN_ABOUT_RETURN_TYPE = YES_ERROR;
				GCC_WARN_UNDECLARED_SELECTOR = YES;
				GCC_WARN_UNINITIALIZED_AUTOS = YES_AGGRESSIVE;
				GCC_WARN_UNUSED_FUNCTION = YES;
				GCC_WARN_UNUSED_VARIABLE = YES;
				IPHONEOS_DEPLOYMENT_TARGET = 16.2;
				MTL_ENABLE_DEBUG_INFO = INCLUDE_SOURCE;
				MTL_FAST_MATH = YES;
				ONLY_ACTIVE_ARCH = YES;
				SDKROOT = iphoneos;
				SWIFT_ACTIVE_COMPILATION_CONDITIONS = DEBUG;
				SWIFT_OPTIMIZATION_LEVEL = "-Onone";
			};
			name = Debug;
		};
		704A379B296C445900B5C612 /* Release */ = {
			isa = XCBuildConfiguration;
			buildSettings = {
				ALWAYS_SEARCH_USER_PATHS = NO;
				CLANG_ANALYZER_NONNULL = YES;
				CLANG_ANALYZER_NUMBER_OBJECT_CONVERSION = YES_AGGRESSIVE;
				CLANG_CXX_LANGUAGE_STANDARD = "gnu++20";
				CLANG_ENABLE_MODULES = YES;
				CLANG_ENABLE_OBJC_ARC = YES;
				CLANG_ENABLE_OBJC_WEAK = YES;
				CLANG_WARN_BLOCK_CAPTURE_AUTORELEASING = YES;
				CLANG_WARN_BOOL_CONVERSION = YES;
				CLANG_WARN_COMMA = YES;
				CLANG_WARN_CONSTANT_CONVERSION = YES;
				CLANG_WARN_DEPRECATED_OBJC_IMPLEMENTATIONS = YES;
				CLANG_WARN_DIRECT_OBJC_ISA_USAGE = YES_ERROR;
				CLANG_WARN_DOCUMENTATION_COMMENTS = YES;
				CLANG_WARN_EMPTY_BODY = YES;
				CLANG_WARN_ENUM_CONVERSION = YES;
				CLANG_WARN_INFINITE_RECURSION = YES;
				CLANG_WARN_INT_CONVERSION = YES;
				CLANG_WARN_NON_LITERAL_NULL_CONVERSION = YES;
				CLANG_WARN_OBJC_IMPLICIT_RETAIN_SELF = YES;
				CLANG_WARN_OBJC_LITERAL_CONVERSION = YES;
				CLANG_WARN_OBJC_ROOT_CLASS = YES_ERROR;
				CLANG_WARN_QUOTED_INCLUDE_IN_FRAMEWORK_HEADER = YES;
				CLANG_WARN_RANGE_LOOP_ANALYSIS = YES;
				CLANG_WARN_STRICT_PROTOTYPES = YES;
				CLANG_WARN_SUSPICIOUS_MOVE = YES;
				CLANG_WARN_UNGUARDED_AVAILABILITY = YES_AGGRESSIVE;
				CLANG_WARN_UNREACHABLE_CODE = YES;
				CLANG_WARN__DUPLICATE_METHOD_MATCH = YES;
				COPY_PHASE_STRIP = NO;
				DEBUG_INFORMATION_FORMAT = "dwarf-with-dsym";
				ENABLE_NS_ASSERTIONS = NO;
				ENABLE_STRICT_OBJC_MSGSEND = YES;
				GCC_C_LANGUAGE_STANDARD = gnu11;
				GCC_NO_COMMON_BLOCKS = YES;
				GCC_WARN_64_TO_32_BIT_CONVERSION = YES;
				GCC_WARN_ABOUT_RETURN_TYPE = YES_ERROR;
				GCC_WARN_UNDECLARED_SELECTOR = YES;
				GCC_WARN_UNINITIALIZED_AUTOS = YES_AGGRESSIVE;
				GCC_WARN_UNUSED_FUNCTION = YES;
				GCC_WARN_UNUSED_VARIABLE = YES;
				IPHONEOS_DEPLOYMENT_TARGET = 16.2;
				MTL_ENABLE_DEBUG_INFO = NO;
				MTL_FAST_MATH = YES;
				SDKROOT = iphoneos;
				SWIFT_COMPILATION_MODE = wholemodule;
				SWIFT_OPTIMIZATION_LEVEL = "-O";
				VALIDATE_PRODUCT = YES;
			};
			name = Release;
		};
		704A379D296C445900B5C612 /* Debug */ = {
			isa = XCBuildConfiguration;
			buildSettings = {
				ASSETCATALOG_COMPILER_APPICON_NAME = AppIcon;
				ASSETCATALOG_COMPILER_GLOBAL_ACCENT_COLOR_NAME = AccentColor;
				CODE_SIGN_STYLE = Automatic;
				CURRENT_PROJECT_VERSION = 1;
				DEVELOPMENT_TEAM = 6V2Y925Q4D;
				GENERATE_INFOPLIST_FILE = YES;
				INFOPLIST_FILE = Movies/Info.plist;
				INFOPLIST_KEY_UIApplicationSupportsIndirectInputEvents = YES;
				INFOPLIST_KEY_UILaunchStoryboardName = LaunchScreen;
				INFOPLIST_KEY_UISupportedInterfaceOrientations_iPad = "UIInterfaceOrientationPortrait UIInterfaceOrientationPortraitUpsideDown UIInterfaceOrientationLandscapeLeft UIInterfaceOrientationLandscapeRight";
				INFOPLIST_KEY_UISupportedInterfaceOrientations_iPhone = "UIInterfaceOrientationPortrait UIInterfaceOrientationLandscapeLeft UIInterfaceOrientationLandscapeRight";
				LD_RUNPATH_SEARCH_PATHS = (
					"$(inherited)",
					"@executable_path/Frameworks",
				);
				MARKETING_VERSION = 1.0;
				PRODUCT_BUNDLE_IDENTIFIER = io.invoicex.Movies;
				PRODUCT_NAME = "$(TARGET_NAME)";
				SWIFT_EMIT_LOC_STRINGS = YES;
				SWIFT_VERSION = 5.0;
				TARGETED_DEVICE_FAMILY = "1,2";
			};
			name = Debug;
		};
		704A379E296C445900B5C612 /* Release */ = {
			isa = XCBuildConfiguration;
			buildSettings = {
				ASSETCATALOG_COMPILER_APPICON_NAME = AppIcon;
				ASSETCATALOG_COMPILER_GLOBAL_ACCENT_COLOR_NAME = AccentColor;
				CODE_SIGN_STYLE = Automatic;
				CURRENT_PROJECT_VERSION = 1;
				DEVELOPMENT_TEAM = 6V2Y925Q4D;
				GENERATE_INFOPLIST_FILE = YES;
				INFOPLIST_FILE = Movies/Info.plist;
				INFOPLIST_KEY_UIApplicationSupportsIndirectInputEvents = YES;
				INFOPLIST_KEY_UILaunchStoryboardName = LaunchScreen;
				INFOPLIST_KEY_UISupportedInterfaceOrientations_iPad = "UIInterfaceOrientationPortrait UIInterfaceOrientationPortraitUpsideDown UIInterfaceOrientationLandscapeLeft UIInterfaceOrientationLandscapeRight";
				INFOPLIST_KEY_UISupportedInterfaceOrientations_iPhone = "UIInterfaceOrientationPortrait UIInterfaceOrientationLandscapeLeft UIInterfaceOrientationLandscapeRight";
				LD_RUNPATH_SEARCH_PATHS = (
					"$(inherited)",
					"@executable_path/Frameworks",
				);
				MARKETING_VERSION = 1.0;
				PRODUCT_BUNDLE_IDENTIFIER = io.invoicex.Movies;
				PRODUCT_NAME = "$(TARGET_NAME)";
				SWIFT_EMIT_LOC_STRINGS = YES;
				SWIFT_VERSION = 5.0;
				TARGETED_DEVICE_FAMILY = "1,2";
			};
			name = Release;
		};
/* End XCBuildConfiguration section */

/* Begin XCConfigurationList section */
		704A3783296C445800B5C612 /* Build configuration list for PBXProject "Movies" */ = {
			isa = XCConfigurationList;
			buildConfigurations = (
				704A379A296C445900B5C612 /* Debug */,
				704A379B296C445900B5C612 /* Release */,
			);
			defaultConfigurationIsVisible = 0;
			defaultConfigurationName = Release;
		};
		704A379C296C445900B5C612 /* Build configuration list for PBXNativeTarget "Movies" */ = {
			isa = XCConfigurationList;
			buildConfigurations = (
				704A379D296C445900B5C612 /* Debug */,
				704A379E296C445900B5C612 /* Release */,
			);
			defaultConfigurationIsVisible = 0;
			defaultConfigurationName = Release;
		};
/* End XCConfigurationList section */
	};
	rootObject = 704A3780296C445800B5C612 /* Project object */;
}
